
Microsoft Visual Studio Solution File, Format Version 12.00
# Visual Studio Version 16
VisualStudioVersion = 16.0.30523.141
MinimumVisualStudioVersion = 10.0.40219.1
Project("{FAE04EC0-301F-11D3-BF4B-00C04F79EFBC}") = "BugTracker", "BugTracker\BugTracker.csproj", "{FBA701DC-F30D-47AB-88F4-27327B41F557}"
EndProject
Global
	GlobalSection(SolutionConfigurationPlatforms) = preSolution
		Debug|Any CPU = Debug|Any CPU
		Release|Any CPU = Release|Any CPU
	EndGlobalSection
	GlobalSection(ProjectConfigurationPlatforms) = postSolution
		{FBA701DC-F30D-47AB-88F4-27327B41F557}.Debug|Any CPU.ActiveCfg = Debug|Any CPU
		{FBA701DC-F30D-47AB-88F4-27327B41F557}.Debug|Any CPU.Build.0 = Debug|Any CPU
		{FBA701DC-F30D-47AB-88F4-27327B41F557}.Release|Any CPU.ActiveCfg = Release|Any CPU
		{FBA701DC-F30D-47AB-88F4-27327B41F557}.Release|Any CPU.Build.0 = Release|Any CPU
	EndGlobalSection
	GlobalSection(SolutionProperties) = preSolution
		HideSolutionNode = FALSE
	EndGlobalSection
	GlobalSection(ExtensibilityGlobals) = postSolution
		SolutionGuid = {575873D0-AD9C-44B1-B4BB-374D77BB5AE9}
	EndGlobalSection
EndGlobal
